
Microsoft Visual Studio Solution File, Format Version 12.00
# Visual Studio Version 17
VisualStudioVersion = 17.3.32804.467
MinimumVisualStudioVersion = 10.0.40219.1
Project("{9A19103F-16F7-4668-BE54-9A1E7A4F7556}") = "DevIO.Data", "src\DevIO.Data\DevIO.Data.csproj", "{6E882946-856C-4CBA-879F-CAC8034B011A}"
EndProject
Project("{9A19103F-16F7-4668-BE54-9A1E7A4F7556}") = "DevIO.Business", "src\DevIO.Business\DevIO.Business.csproj", "{D551CCEC-0AF9-4C2F-AA65-284E50F62648}"
EndProject
Project("{9A19103F-16F7-4668-BE54-9A1E7A4F7556}") = "DevIO.Api", "src\DevIO.Api\DevIO.Api.csproj", "{A18E0D42-2A74-4297-AAD9-F29810D519DA}"
EndProject
Global
	GlobalSection(SolutionConfigurationPlatforms) = preSolution
		Debug|Any CPU = Debug|Any CPU
		Release|Any CPU = Release|Any CPU
	EndGlobalSection
	GlobalSection(ProjectConfigurationPlatforms) = postSolution
		{6E882946-856C-4CBA-879F-CAC8034B011A}.Debug|Any CPU.ActiveCfg = Debug|Any CPU
		{6E882946-856C-4CBA-879F-CAC8034B011A}.Debug|Any CPU.Build.0 = Debug|Any CPU
		{6E882946-856C-4CBA-879F-CAC8034B011A}.Release|Any CPU.ActiveCfg = Release|Any CPU
		{6E882946-856C-4CBA-879F-CAC8034B011A}.Release|Any CPU.Build.0 = Release|Any CPU
		{D551CCEC-0AF9-4C2F-AA65-284E50F62648}.Debug|Any CPU.ActiveCfg = Debug|Any CPU
		{D551CCEC-0AF9-4C2F-AA65-284E50F62648}.Debug|Any CPU.Build.0 = Debug|Any CPU
		{D551CCEC-0AF9-4C2F-AA65-284E50F62648}.Release|Any CPU.ActiveCfg = Release|Any CPU
		{D551CCEC-0AF9-4C2F-AA65-284E50F62648}.Release|Any CPU.Build.0 = Release|Any CPU
		{A18E0D42-2A74-4297-AAD9-F29810D519DA}.Debug|Any CPU.ActiveCfg = Debug|Any CPU
		{A18E0D42-2A74-4297-AAD9-F29810D519DA}.Debug|Any CPU.Build.0 = Debug|Any CPU
		{A18E0D42-2A74-4297-AAD9-F29810D519DA}.Release|Any CPU.ActiveCfg = Release|Any CPU
		{A18E0D42-2A74-4297-AAD9-F29810D519DA}.Release|Any CPU.Build.0 = Release|Any CPU
	EndGlobalSection
	GlobalSection(SolutionProperties) = preSolution
		HideSolutionNode = FALSE
	EndGlobalSection
	GlobalSection(ExtensibilityGlobals) = postSolution
		SolutionGuid = {E6A1166C-B930-4FCF-ABAD-401DB6E281DF}
	EndGlobalSection
EndGlobal
