
Microsoft Visual Studio Solution File, Format Version 12.00
# Visual Studio Version 17
VisualStudioVersion = 17.3.32804.467
MinimumVisualStudioVersion = 10.0.40219.1
Project("{FAE04EC0-301F-11D3-BF4B-00C04F79EFBC}") = "MinhaApiTeste", "src\MinhaApiTeste\MinhaApiTeste.csproj", "{6F32C2E5-3C7C-4D29-BDA8-D164CCA4FEE6}"
EndProject
Global
	GlobalSection(SolutionConfigurationPlatforms) = preSolution
		Debug|Any CPU = Debug|Any CPU
		Release|Any CPU = Release|Any CPU
	EndGlobalSection
	GlobalSection(ProjectConfigurationPlatforms) = postSolution
		{6F32C2E5-3C7C-4D29-BDA8-D164CCA4FEE6}.Debug|Any CPU.ActiveCfg = Debug|Any CPU
		{6F32C2E5-3C7C-4D29-BDA8-D164CCA4FEE6}.Debug|Any CPU.Build.0 = Debug|Any CPU
		{6F32C2E5-3C7C-4D29-BDA8-D164CCA4FEE6}.Release|Any CPU.ActiveCfg = Release|Any CPU
		{6F32C2E5-3C7C-4D29-BDA8-D164CCA4FEE6}.Release|Any CPU.Build.0 = Release|Any CPU
	EndGlobalSection
	GlobalSection(SolutionProperties) = preSolution
		HideSolutionNode = FALSE
	EndGlobalSection
	GlobalSection(ExtensibilityGlobals) = postSolution
		SolutionGuid = {E6A1166C-B930-4FCF-ABAD-401DB6E281DF}
	EndGlobalSection
EndGlobal
